// !$*UTF8*$!
{
	archiveVersion = 1;
	classes = {
	};
	objectVersion = 54;
	objects = {

/* Begin PBXBuildFile section */
		58A35C793A2DD22193CC549F264D1945 /* GoogleMobileAds in Frameworks */ = {isa = PBXBuildFile; productRef = E4E174E588C098B97D83FA97E783D331 /* GoogleMobileAds */; };
		8A73A3843092664185F056DEE5B4AE09 /* JavaScriptCore.framework in Frameworks */ = {isa = PBXBuildFile; fileRef = 2B4EF8AFEC1760B34CC2A84B65184E1C /* JavaScriptCore.framework */; };
		A0FD9DD1A75213ECEA7457FEBD1BD4B0 /* ZFAd_AdMob_zfprojConfig.xcodeproj/dummy.mm in Sources */ = {isa = PBXBuildFile; fileRef = 1B629AC9F2B8492E4D243304CE0A2755 /* ZFAd_AdMob_zfprojConfig.xcodeproj/dummy.mm */; };
/* End PBXBuildFile section */

/* Begin PBXFileReference section */
		1B629AC9F2B8492E4D243304CE0A2755 /* ZFAd_AdMob_zfprojConfig.xcodeproj/dummy.mm */ = {isa = PBXFileReference; lastKnownFileType = sourcecode.cpp.objcpp; path = ZFAd_AdMob_zfprojConfig.xcodeproj/dummy.mm; sourceTree = "<group>"; };
		2B4EF8AFEC1760B34CC2A84B65184E1C /* JavaScriptCore.framework */ = {isa = PBXFileReference; lastKnownFileType = wrapper.framework; name = JavaScriptCore.framework; path = Platforms/MacOSX.platform/Developer/SDKs/MacOSX26.2.sdk/System/iOSSupport/System/Library/Frameworks/JavaScriptCore.framework; sourceTree = DEVELOPER_DIR; };
		9F88B5FCBD455DA6FC45FB0215A1B22F /* ZFAd_AdMob_zfprojConfig.framework */ = {isa = PBXFileReference; explicitFileType = wrapper.framework; includeInIndex = 0; path = ZFAd_AdMob_zfprojConfig.framework; sourceTree = BUILT_PRODUCTS_DIR; };
/* End PBXFileReference section */

/* Begin PBXFrameworksBuildPhase section */
		51A38A691B80C3F0B716E4279837A2BE /* Frameworks */ = {
			isa = PBXFrameworksBuildPhase;
			buildActionMask = 2147483647;
			files = (
				58A35C793A2DD22193CC549F264D1945 /* GoogleMobileAds in Frameworks */,
				8A73A3843092664185F056DEE5B4AE09 /* JavaScriptCore.framework in Frameworks */,
			);
			runOnlyForDeploymentPostprocessing = 0;
		};
/* End PBXFrameworksBuildPhase section */

/* Begin PBXGroup section */
		3528EBB0E7FB0DB54817555AED2ACE63 /* Products */ = {
			isa = PBXGroup;
			children = (
				9F88B5FCBD455DA6FC45FB0215A1B22F /* ZFAd_AdMob_zfprojConfig.framework */,
			);
			name = Products;
			sourceTree = "<group>";
		};
		61B4596A07A8E442114F1BC681DE77D1 /* Frameworks */ = {
			isa = PBXGroup;
			children = (
				2B4EF8AFEC1760B34CC2A84B65184E1C /* JavaScriptCore.framework */,
			);
			name = Frameworks;
			sourceTree = "<group>";
		};
		9583E056E872098DC13F65765418D5D9 = {
			isa = PBXGroup;
			children = (
				61B4596A07A8E442114F1BC681DE77D1 /* Frameworks */,
				3528EBB0E7FB0DB54817555AED2ACE63 /* Products */,
				1B629AC9F2B8492E4D243304CE0A2755 /* ZFAd_AdMob_zfprojConfig.xcodeproj/dummy.mm */,
			);
			sourceTree = "<group>";
		};
/* End PBXGroup section */

/* Begin PBXNativeTarget section */
		6B17477F62F6299D84808695BC963EED /* ZFAd_AdMob_zfprojConfig */ = {
			isa = PBXNativeTarget;
			buildConfigurationList = 195FBCFA0A534833B93EA33B040B686B /* Build configuration list for PBXNativeTarget "ZFAd_AdMob_zfprojConfig" */;
			buildPhases = (
				8D3E795B7017466A51F0D72A65F2E2C9 /* Sources */,
				51A38A691B80C3F0B716E4279837A2BE /* Frameworks */,
				0665A04B28C22E4A0BCA27621E948FA0 /* Resources */,
			);
			buildRules = (
			);
			dependencies = (
			);
			name = ZFAd_AdMob_zfprojConfig;
			packageProductDependencies = (
				E4E174E588C098B97D83FA97E783D331 /* GoogleMobileAds */,
			);
			productName = ZFAd_AdMob_zfprojConfig;
			productReference = 9F88B5FCBD455DA6FC45FB0215A1B22F /* ZFAd_AdMob_zfprojConfig.framework */;
			productType = "com.apple.product-type.framework";
		};
/* End PBXNativeTarget section */

/* Begin PBXProject section */
		299C6A12395ED0D5E3D32E6B4DABAD78 /* Project object */ = {
			isa = PBXProject;
			attributes = {
				BuildIndependentTargetsInParallel = YES;
				LastUpgradeCheck = 2620;
				TargetAttributes = {
					6B17477F62F6299D84808695BC963EED = {
						CreatedOnToolsVersion = 9.2;
					};
				};
			};
			buildConfigurationList = 226321775CCDD3263FC01EDD9A3E2605 /* Build configuration list for PBXProject "ZFAd_AdMob_zfprojConfig" */;
			compatibilityVersion = "Xcode 8.0";
			developmentRegion = en;
			hasScannedForEncodings = 0;
			knownRegions = (
				en,
				Base,
			);
			mainGroup = 9583E056E872098DC13F65765418D5D9;
			packageReferences = (
				64A55DB29D1B49D39F78E039D4E9E27F /* XCRemoteSwiftPackageReference "swift-package-manager-google-mobile-ads" */,
			);
			productRefGroup = 3528EBB0E7FB0DB54817555AED2ACE63 /* Products */;
			projectDirPath = "";
			projectRoot = "";
			targets = (
				6B17477F62F6299D84808695BC963EED /* ZFAd_AdMob_zfprojConfig */,
			);
		};
/* End PBXProject section */

/* Begin PBXResourcesBuildPhase section */
		0665A04B28C22E4A0BCA27621E948FA0 /* Resources */ = {
			isa = PBXResourcesBuildPhase;
			buildActionMask = 2147483647;
			files = (
			);
			runOnlyForDeploymentPostprocessing = 0;
		};
/* End PBXResourcesBuildPhase section */

/* Begin PBXSourcesBuildPhase section */
		8D3E795B7017466A51F0D72A65F2E2C9 /* Sources */ = {
			isa = PBXSourcesBuildPhase;
			buildActionMask = 2147483647;
			files = (
				A0FD9DD1A75213ECEA7457FEBD1BD4B0 /* ZFAd_AdMob_zfprojConfig.xcodeproj/dummy.mm in Sources */,
			);
			runOnlyForDeploymentPostprocessing = 0;
		};
/* End PBXSourcesBuildPhase section */

/* Begin XCBuildConfiguration section */
		3043ACD03B15A54FA2062C2E501E5074 /* Release */ = {
			isa = XCBuildConfiguration;
			buildSettings = {
				ASSETCATALOG_COMPILER_APPICON_NAME = AppIcon;
				CLANG_ENABLE_OBJC_ARC = YES;
				CODE_SIGN_STYLE = Automatic;
				DEBUG_INFORMATION_FORMAT = "dwarf-with-dsym";
				ENABLE_BITCODE = NO;
				GCC_INLINES_ARE_PRIVATE_EXTERN = YES;
				GCC_SYMBOLS_PRIVATE_EXTERN = YES;
				GENERATE_INFOPLIST_FILE = YES;
				IPHONEOS_DEPLOYMENT_TARGET = 13.0;
				LD_RUNPATH_SEARCH_PATHS = (
					"$(inherited)",
					"@executable_path/Frameworks",
					"@loader_path/Frameworks",
				);
				OTHER_LDFLAGS = (
					"$(inherited)",
					"-Objc",
					"-all_load",
				);
				PRODUCT_BUNDLE_IDENTIFIER = "com.ZFFramework.ZFAd_AdMob-zfprojConfig";
				PRODUCT_NAME = "$(TARGET_NAME)";
				SKIP_INSTALL = YES;
				WARNING_CFLAGS = "-Wpartial-availability";
			};
			name = Release;
		};
		724F23AE0FD26C6AD9F1CC7603105639 /* Release */ = {
			isa = XCBuildConfiguration;
			buildSettings = {
				ALWAYS_SEARCH_USER_PATHS = NO;
				CLANG_CXX_LANGUAGE_STANDARD = "gnu++0x";
				CLANG_CXX_LIBRARY = "libc++";
				CLANG_ENABLE_MODULES = YES;
				CLANG_ENABLE_OBJC_ARC = YES;
				CLANG_WARN_BLOCK_CAPTURE_AUTORELEASING = YES;
				CLANG_WARN_BOOL_CONVERSION = YES;
				CLANG_WARN_COMMA = YES;
				CLANG_WARN_CONSTANT_CONVERSION = YES;
				CLANG_WARN_DEPRECATED_OBJC_IMPLEMENTATIONS = YES;
				CLANG_WARN_DIRECT_OBJC_ISA_USAGE = YES_ERROR;
				CLANG_WARN_EMPTY_BODY = YES;
				CLANG_WARN_ENUM_CONVERSION = YES;
				CLANG_WARN_INFINITE_RECURSION = YES;
				CLANG_WARN_INT_CONVERSION = YES;
				CLANG_WARN_NON_LITERAL_NULL_CONVERSION = YES;
				CLANG_WARN_OBJC_IMPLICIT_RETAIN_SELF = YES;
				CLANG_WARN_OBJC_LITERAL_CONVERSION = YES;
				CLANG_WARN_OBJC_ROOT_CLASS = YES_ERROR;
				CLANG_WARN_QUOTED_INCLUDE_IN_FRAMEWORK_HEADER = YES;
				CLANG_WARN_RANGE_LOOP_ANALYSIS = YES;
				CLANG_WARN_STRICT_PROTOTYPES = YES;
				CLANG_WARN_SUSPICIOUS_MOVE = YES;
				CLANG_WARN_UNREACHABLE_CODE = YES;
				CLANG_WARN__DUPLICATE_METHOD_MATCH = YES;
				COPY_PHASE_STRIP = NO;
				DEBUG_INFORMATION_FORMAT = "dwarf-with-dsym";
				ENABLE_NS_ASSERTIONS = NO;
				ENABLE_STRICT_OBJC_MSGSEND = YES;
				ENABLE_USER_SCRIPT_SANDBOXING = NO;
				GCC_C_LANGUAGE_STANDARD = gnu99;
				GCC_NO_COMMON_BLOCKS = YES;
				GCC_WARN_64_TO_32_BIT_CONVERSION = YES;
				GCC_WARN_ABOUT_RETURN_TYPE = YES_ERROR;
				GCC_WARN_UNDECLARED_SELECTOR = YES;
				GCC_WARN_UNINITIALIZED_AUTOS = YES_AGGRESSIVE;
				GCC_WARN_UNUSED_FUNCTION = YES;
				GCC_WARN_UNUSED_VARIABLE = YES;
				IPHONEOS_DEPLOYMENT_TARGET = 13.0;
				MTL_ENABLE_DEBUG_INFO = NO;
				SDKROOT = iphoneos;
				STRING_CATALOG_GENERATE_SYMBOLS = YES;
				VALIDATE_PRODUCT = YES;
			};
			name = Release;
		};
		9FE8B9284B7D0F99DE954FE0562C47AF /* Debug */ = {
			isa = XCBuildConfiguration;
			buildSettings = {
				ALWAYS_SEARCH_USER_PATHS = NO;
				CLANG_CXX_LANGUAGE_STANDARD = "gnu++0x";
				CLANG_CXX_LIBRARY = "libc++";
				CLANG_ENABLE_MODULES = YES;
				CLANG_ENABLE_OBJC_ARC = YES;
				CLANG_WARN_BLOCK_CAPTURE_AUTORELEASING = YES;
				CLANG_WARN_BOOL_CONVERSION = YES;
				CLANG_WARN_COMMA = YES;
				CLANG_WARN_CONSTANT_CONVERSION = YES;
				CLANG_WARN_DEPRECATED_OBJC_IMPLEMENTATIONS = YES;
				CLANG_WARN_DIRECT_OBJC_ISA_USAGE = YES_ERROR;
				CLANG_WARN_EMPTY_BODY = YES;
				CLANG_WARN_ENUM_CONVERSION = YES;
				CLANG_WARN_INFINITE_RECURSION = YES;
				CLANG_WARN_INT_CONVERSION = YES;
				CLANG_WARN_NON_LITERAL_NULL_CONVERSION = YES;
				CLANG_WARN_OBJC_IMPLICIT_RETAIN_SELF = YES;
				CLANG_WARN_OBJC_LITERAL_CONVERSION = YES;
				CLANG_WARN_OBJC_ROOT_CLASS = YES_ERROR;
				CLANG_WARN_QUOTED_INCLUDE_IN_FRAMEWORK_HEADER = YES;
				CLANG_WARN_RANGE_LOOP_ANALYSIS = YES;
				CLANG_WARN_STRICT_PROTOTYPES = YES;
				CLANG_WARN_SUSPICIOUS_MOVE = YES;
				CLANG_WARN_UNREACHABLE_CODE = YES;
				CLANG_WARN__DUPLICATE_METHOD_MATCH = YES;
				COPY_PHASE_STRIP = NO;
				DEBUG_INFORMATION_FORMAT = "dwarf-with-dsym";
				ENABLE_STRICT_OBJC_MSGSEND = YES;
				ENABLE_TESTABILITY = YES;
				ENABLE_USER_SCRIPT_SANDBOXING = NO;
				GCC_C_LANGUAGE_STANDARD = gnu99;
				GCC_DYNAMIC_NO_PIC = NO;
				GCC_NO_COMMON_BLOCKS = YES;
				GCC_OPTIMIZATION_LEVEL = 0;
				GCC_PREPROCESSOR_DEFINITIONS = (
					"DEBUG=1",
					"$(inherited)",
				);
				GCC_WARN_64_TO_32_BIT_CONVERSION = YES;
				GCC_WARN_ABOUT_RETURN_TYPE = YES_ERROR;
				GCC_WARN_UNDECLARED_SELECTOR = YES;
				GCC_WARN_UNINITIALIZED_AUTOS = YES_AGGRESSIVE;
				GCC_WARN_UNUSED_FUNCTION = YES;
				GCC_WARN_UNUSED_VARIABLE = YES;
				IPHONEOS_DEPLOYMENT_TARGET = 13.0;
				MTL_ENABLE_DEBUG_INFO = YES;
				ONLY_ACTIVE_ARCH = YES;
				SDKROOT = iphoneos;
				STRING_CATALOG_GENERATE_SYMBOLS = YES;
			};
			name = Debug;
		};
		B71643413DF12236BBD3BE6012EAFA6B /* Debug */ = {
			isa = XCBuildConfiguration;
			buildSettings = {
				ASSETCATALOG_COMPILER_APPICON_NAME = AppIcon;
				CLANG_ENABLE_OBJC_ARC = YES;
				CODE_SIGN_STYLE = Automatic;
				DEBUG_INFORMATION_FORMAT = "dwarf-with-dsym";
				ENABLE_BITCODE = NO;
				GCC_INLINES_ARE_PRIVATE_EXTERN = YES;
				GCC_SYMBOLS_PRIVATE_EXTERN = YES;
				GENERATE_INFOPLIST_FILE = YES;
				IPHONEOS_DEPLOYMENT_TARGET = 13.0;
				LD_RUNPATH_SEARCH_PATHS = (
					"$(inherited)",
					"@executable_path/Frameworks",
					"@loader_path/Frameworks",
				);
				OTHER_LDFLAGS = (
					"$(inherited)",
					"-Objc",
					"-all_load",
				);
				PRODUCT_BUNDLE_IDENTIFIER = "com.ZFFramework.ZFAd_AdMob-zfprojConfig";
				PRODUCT_NAME = "$(TARGET_NAME)";
				SKIP_INSTALL = YES;
				WARNING_CFLAGS = "-Wpartial-availability";
			};
			name = Debug;
		};
/* End XCBuildConfiguration section */

/* Begin XCConfigurationList section */
		195FBCFA0A534833B93EA33B040B686B /* Build configuration list for PBXNativeTarget "ZFAd_AdMob_zfprojConfig" */ = {
			isa = XCConfigurationList;
			buildConfigurations = (
				B71643413DF12236BBD3BE6012EAFA6B /* Debug */,
				3043ACD03B15A54FA2062C2E501E5074 /* Release */,
			);
			defaultConfigurationIsVisible = 0;
			defaultConfigurationName = Release;
		};
		226321775CCDD3263FC01EDD9A3E2605 /* Build configuration list for PBXProject "ZFAd_AdMob_zfprojConfig" */ = {
			isa = XCConfigurationList;
			buildConfigurations = (
				9FE8B9284B7D0F99DE954FE0562C47AF /* Debug */,
				724F23AE0FD26C6AD9F1CC7603105639 /* Release */,
			);
			defaultConfigurationIsVisible = 0;
			defaultConfigurationName = Release;
		};
/* End XCConfigurationList section */

/* Begin XCRemoteSwiftPackageReference section */
		64A55DB29D1B49D39F78E039D4E9E27F /* XCRemoteSwiftPackageReference "swift-package-manager-google-mobile-ads" */ = {
			isa = XCRemoteSwiftPackageReference;
			repositoryURL = "https://github.com/googleads/swift-package-manager-google-mobile-ads.git";
			requirement = {
				kind = upToNextMajorVersion;
				minimumVersion = 13.3.0;
			};
		};
/* End XCRemoteSwiftPackageReference section */

/* Begin XCSwiftPackageProductDependency section */
		E4E174E588C098B97D83FA97E783D331 /* GoogleMobileAds */ = {
			isa = XCSwiftPackageProductDependency;
			package = 64A55DB29D1B49D39F78E039D4E9E27F /* XCRemoteSwiftPackageReference "swift-package-manager-google-mobile-ads" */;
			productName = GoogleMobileAds;
		};
/* End XCSwiftPackageProductDependency section */
	};
	rootObject = 299C6A12395ED0D5E3D32E6B4DABAD78 /* Project object */;
}
